
Microsoft Visual Studio Solution File, Format Version 12.00
# Visual Studio Version 16
VisualStudioVersion = 16.0.30204.135
MinimumVisualStudioVersion = 10.0.40219.1
Project("{9A19103F-16F7-4668-BE54-9A1E7A4F7556}") = "BlazorApp.Server", "BlazorApp\Server\BlazorApp.Server.csproj", "{794A0A0A-E42F-499D-B429-E959A41C3632}"
EndProject
Project("{9A19103F-16F7-4668-BE54-9A1E7A4F7556}") = "BlazorApp.Client", "BlazorApp\Client\BlazorApp.Client.csproj", "{9F5929BD-2AA0-482A-9D2B-C77F1449C258}"
EndProject
Project("{9A19103F-16F7-4668-BE54-9A1E7A4F7556}") = "BlazorApp.Shared", "BlazorApp\Shared\BlazorApp.Shared.csproj", "{4F715800-062F-4249-9BA7-54B76A2F8161}"
EndProject
Global
	GlobalSection(SolutionConfigurationPlatforms) = preSolution
		Debug|Any CPU = Debug|Any CPU
		Release|Any CPU = Release|Any CPU
	EndGlobalSection
	GlobalSection(ProjectConfigurationPlatforms) = postSolution
		{794A0A0A-E42F-499D-B429-E959A41C3632}.Debug|Any CPU.ActiveCfg = Debug|Any CPU
		{794A0A0A-E42F-499D-B429-E959A41C3632}.Debug|Any CPU.Build.0 = Debug|Any CPU
		{794A0A0A-E42F-499D-B429-E959A41C3632}.Release|Any CPU.ActiveCfg = Release|Any CPU
		{794A0A0A-E42F-499D-B429-E959A41C3632}.Release|Any CPU.Build.0 = Release|Any CPU
		{9F5929BD-2AA0-482A-9D2B-C77F1449C258}.Debug|Any CPU.ActiveCfg = Debug|Any CPU
		{9F5929BD-2AA0-482A-9D2B-C77F1449C258}.Debug|Any CPU.Build.0 = Debug|Any CPU
		{9F5929BD-2AA0-482A-9D2B-C77F1449C258}.Release|Any CPU.ActiveCfg = Release|Any CPU
		{9F5929BD-2AA0-482A-9D2B-C77F1449C258}.Release|Any CPU.Build.0 = Release|Any CPU
		{4F715800-062F-4249-9BA7-54B76A2F8161}.Debug|Any CPU.ActiveCfg = Debug|Any CPU
		{4F715800-062F-4249-9BA7-54B76A2F8161}.Debug|Any CPU.Build.0 = Debug|Any CPU
		{4F715800-062F-4249-9BA7-54B76A2F8161}.Release|Any CPU.ActiveCfg = Release|Any CPU
		{4F715800-062F-4249-9BA7-54B76A2F8161}.Release|Any CPU.Build.0 = Release|Any CPU
	EndGlobalSection
	GlobalSection(SolutionProperties) = preSolution
		HideSolutionNode = FALSE
	EndGlobalSection
	GlobalSection(ExtensibilityGlobals) = postSolution
		SolutionGuid = {F58002A5-8430-48C7-B130-FEA838B380C6}
	EndGlobalSection
EndGlobal
