
Microsoft Visual Studio Solution File, Format Version 12.00
# Visual Studio Version 16
VisualStudioVersion = 16.0.30225.117
MinimumVisualStudioVersion = 10.0.40219.1
Project("{FAE04EC0-301F-11D3-BF4B-00C04F79EFBC}") = "PizzaPlace.Server", "PizzaPlace\Server\PizzaPlace.Server.csproj", "{46C9214A-32AA-4313-B0DE-C8551DE7705A}"
EndProject
Project("{FAE04EC0-301F-11D3-BF4B-00C04F79EFBC}") = "PizzaPlace.Client", "PizzaPlace\Client\PizzaPlace.Client.csproj", "{D7FFC36B-8005-4910-AE50-9051EA4C9CF5}"
EndProject
Project("{FAE04EC0-301F-11D3-BF4B-00C04F79EFBC}") = "PizzaPlace.Shared", "PizzaPlace\Shared\PizzaPlace.Shared.csproj", "{B2F289E8-9BFB-47C9-B626-348AE323EB41}"
EndProject
Global
	GlobalSection(SolutionConfigurationPlatforms) = preSolution
		Debug|Any CPU = Debug|Any CPU
		Release|Any CPU = Release|Any CPU
	EndGlobalSection
	GlobalSection(ProjectConfigurationPlatforms) = postSolution
		{46C9214A-32AA-4313-B0DE-C8551DE7705A}.Debug|Any CPU.ActiveCfg = Debug|Any CPU
		{46C9214A-32AA-4313-B0DE-C8551DE7705A}.Debug|Any CPU.Build.0 = Debug|Any CPU
		{46C9214A-32AA-4313-B0DE-C8551DE7705A}.Release|Any CPU.ActiveCfg = Release|Any CPU
		{46C9214A-32AA-4313-B0DE-C8551DE7705A}.Release|Any CPU.Build.0 = Release|Any CPU
		{D7FFC36B-8005-4910-AE50-9051EA4C9CF5}.Debug|Any CPU.ActiveCfg = Debug|Any CPU
		{D7FFC36B-8005-4910-AE50-9051EA4C9CF5}.Debug|Any CPU.Build.0 = Debug|Any CPU
		{D7FFC36B-8005-4910-AE50-9051EA4C9CF5}.Release|Any CPU.ActiveCfg = Release|Any CPU
		{D7FFC36B-8005-4910-AE50-9051EA4C9CF5}.Release|Any CPU.Build.0 = Release|Any CPU
		{B2F289E8-9BFB-47C9-B626-348AE323EB41}.Debug|Any CPU.ActiveCfg = Debug|Any CPU
		{B2F289E8-9BFB-47C9-B626-348AE323EB41}.Debug|Any CPU.Build.0 = Debug|Any CPU
		{B2F289E8-9BFB-47C9-B626-348AE323EB41}.Release|Any CPU.ActiveCfg = Release|Any CPU
		{B2F289E8-9BFB-47C9-B626-348AE323EB41}.Release|Any CPU.Build.0 = Release|Any CPU
	EndGlobalSection
	GlobalSection(SolutionProperties) = preSolution
		HideSolutionNode = FALSE
	EndGlobalSection
	GlobalSection(ExtensibilityGlobals) = postSolution
		SolutionGuid = {6F40590E-DD51-44F5-B3D7-62546799EF88}
	EndGlobalSection
EndGlobal
